<?xml version="1.0" encoding="utf-8"?>
<Project ToolsVersion="4.0" xmlns="http://schemas.microsoft.com/developer/msbuild/2003">
  <ItemGroup>
    <Filter Include="config">
      <UniqueIdentifier>{983d55c6-f625-46e8-a3f2-d4caf6eb5609}</UniqueIdentifier>
    </Filter>
    <Filter Include="src">
      <UniqueIdentifier>{7bbd0ec7-c702-4772-b868-4e9bf818abc6}</UniqueIdentifier>
    </Filter>
    <Filter Include="resource">
      <UniqueIdentifier>{a09a0b0b-517e-45dd-89b0-e41aa5c4fe36}</UniqueIdentifier>
    </Filter>
  </ItemGroup>
  <ItemGroup>
    <ClCompile Include="src\frame.cpp">
      <Filter>src</Filter>
    </ClCompile>
    <ClCompile Include="src\main.cpp">
      <Filter>src</Filter>
    </ClCompile>
    <ClCompile Include="src\JsonConfigParser.cpp">
      <Filter>src</Filter>
    </ClCompile>
    <ClCompile Include="src\windowsDependent.cpp">
      <Filter>src</Filter>
    </ClCompile>
  </ItemGroup>
  <ItemGroup>
    <ClInclude Include="src\frame.h">
      <Filter>src</Filter>
    </ClInclude>
    <ClInclude Include="src\JsonConfigParser.h">
      <Filter>src</Filter>
    </ClInclude>
    <ClInclude Include="src\dataDef.h">
      <Filter>src</Filter>
    </ClInclude>
    <ClInclude Include="src\windowsDependent.h">
      <Filter>src</Filter>
    </ClInclude>
    <ClInclude Include="resource\resource.h">
      <Filter>resource</Filter>
    </ClInclude>
  </ItemGroup>
  <ItemGroup>
    <None Include="config\path.json">
      <Filter>config</Filter>
    </None>
    <None Include="resource\acfun.xpm">
      <Filter>resource</Filter>
    </None>
  </ItemGroup>
  <ItemGroup>
    <Image Include="resource\acfun.png">
      <Filter>resource</Filter>
    </Image>
    <Image Include="resource\acfun.ico">
      <Filter>resource</Filter>
    </Image>
  </ItemGroup>
  <ItemGroup>
    <ResourceCompile Include="resource\resource.rc">
      <Filter>resource</Filter>
    </ResourceCompile>
  </ItemGroup>
</Project>